// !$*UTF8*$!
{
	archiveVersion = 1;
	classes = {
	};
	objectVersion = 50;
	objects = {

/* Begin PBXBuildFile section */
		CD968135262CE7EF00C6F352 /* AppDelegate.swift in Sources */ = {isa = PBXBuildFile; fileRef = CD968134262CE7EF00C6F352 /* AppDelegate.swift */; };
		CD968137262CE7EF00C6F352 /* SceneDelegate.swift in Sources */ = {isa = PBXBuildFile; fileRef = CD968136262CE7EF00C6F352 /* SceneDelegate.swift */; };
		CD968139262CE7EF00C6F352 /* ViewController.swift in Sources */ = {isa = PBXBuildFile; fileRef = CD968138262CE7EF00C6F352 /* ViewController.swift */; };
		CD96813C262CE7EF00C6F352 /* Main.storyboard in Resources */ = {isa = PBXBuildFile; fileRef = CD96813A262CE7EF00C6F352 /* Main.storyboard */; };
		CD96813E262CE7F800C6F352 /* Assets.xcassets in Resources */ = {isa = PBXBuildFile; fileRef = CD96813D262CE7F800C6F352 /* Assets.xcassets */; };
		CD968141262CE7F800C6F352 /* LaunchScreen.storyboard in Resources */ = {isa = PBXBuildFile; fileRef = CD96813F262CE7F800C6F352 /* LaunchScreen.storyboard */; };
/* End PBXBuildFile section */

/* Begin PBXFileReference section */
		CD968131262CE7EF00C6F352 /* MyLocationMap.app */ = {isa = PBXFileReference; explicitFileType = wrapper.application; includeInIndex = 0; path = MyLocationMap.app; sourceTree = BUILT_PRODUCTS_DIR; };
		CD968134262CE7EF00C6F352 /* AppDelegate.swift */ = {isa = PBXFileReference; lastKnownFileType = sourcecode.swift; path = AppDelegate.swift; sourceTree = "<group>"; };
		CD968136262CE7EF00C6F352 /* SceneDelegate.swift */ = {isa = PBXFileReference; lastKnownFileType = sourcecode.swift; path = SceneDelegate.swift; sourceTree = "<group>"; };
		CD968138262CE7EF00C6F352 /* ViewController.swift */ = {isa = PBXFileReference; lastKnownFileType = sourcecode.swift; path = ViewController.swift; sourceTree = "<group>"; };
		CD96813B262CE7EF00C6F352 /* Base */ = {isa = PBXFileReference; lastKnownFileType = file.storyboard; name = Base; path = Base.lproj/Main.storyboard; sourceTree = "<group>"; };
		CD96813D262CE7F800C6F352 /* Assets.xcassets */ = {isa = PBXFileReference; lastKnownFileType = folder.assetcatalog; path = Assets.xcassets; sourceTree = "<group>"; };
		CD968140262CE7F800C6F352 /* Base */ = {isa = PBXFileReference; lastKnownFileType = file.storyboard; name = Base; path = Base.lproj/LaunchScreen.storyboard; sourceTree = "<group>"; };
		CD968142262CE7F800C6F352 /* Info.plist */ = {isa = PBXFileReference; lastKnownFileType = text.plist.xml; path = Info.plist; sourceTree = "<group>"; };
/* End PBXFileReference section */

/* Begin PBXFrameworksBuildPhase section */
		CD96812E262CE7EE00C6F352 /* Frameworks */ = {
			isa = PBXFrameworksBuildPhase;
			buildActionMask = 2147483647;
			files = (
			);
			runOnlyForDeploymentPostprocessing = 0;
		};
/* End PBXFrameworksBuildPhase section */

/* Begin PBXGroup section */
		CD968128262CE7EE00C6F352 = {
			isa = PBXGroup;
			children = (
				CD968133262CE7EF00C6F352 /* MyLocationMap */,
				CD968132262CE7EF00C6F352 /* Products */,
			);
			sourceTree = "<group>";
		};
		CD968132262CE7EF00C6F352 /* Products */ = {
			isa = PBXGroup;
			children = (
				CD968131262CE7EF00C6F352 /* MyLocationMap.app */,
			);
			name = Products;
			sourceTree = "<group>";
		};
		CD968133262CE7EF00C6F352 /* MyLocationMap */ = {
			isa = PBXGroup;
			children = (
				CD968134262CE7EF00C6F352 /* AppDelegate.swift */,
				CD968136262CE7EF00C6F352 /* SceneDelegate.swift */,
				CD968138262CE7EF00C6F352 /* ViewController.swift */,
				CD96813A262CE7EF00C6F352 /* Main.storyboard */,
				CD96813D262CE7F800C6F352 /* Assets.xcassets */,
				CD96813F262CE7F800C6F352 /* LaunchScreen.storyboard */,
				CD968142262CE7F800C6F352 /* Info.plist */,
			);
			path = MyLocationMap;
			sourceTree = "<group>";
		};
/* End PBXGroup section */

/* Begin PBXNativeTarget section */
		CD968130262CE7EE00C6F352 /* MyLocationMap */ = {
			isa = PBXNativeTarget;
			buildConfigurationList = CD968145262CE7F800C6F352 /* Build configuration list for PBXNativeTarget "MyLocationMap" */;
			buildPhases = (
				CD96812D262CE7EE00C6F352 /* Sources */,
				CD96812E262CE7EE00C6F352 /* Frameworks */,
				CD96812F262CE7EE00C6F352 /* Resources */,
			);
			buildRules = (
			);
			dependencies = (
			);
			name = MyLocationMap;
			productName = MyLocationMap;
			productReference = CD968131262CE7EF00C6F352 /* MyLocationMap.app */;
			productType = "com.apple.product-type.application";
		};
/* End PBXNativeTarget section */

/* Begin PBXProject section */
		CD968129262CE7EE00C6F352 /* Project object */ = {
			isa = PBXProject;
			attributes = {
				LastSwiftUpdateCheck = 1240;
				LastUpgradeCheck = 1240;
				TargetAttributes = {
					CD968130262CE7EE00C6F352 = {
						CreatedOnToolsVersion = 12.4;
					};
				};
			};
			buildConfigurationList = CD96812C262CE7EE00C6F352 /* Build configuration list for PBXProject "MyLocationMap" */;
			compatibilityVersion = "Xcode 9.3";
			developmentRegion = en;
			hasScannedForEncodings = 0;
			knownRegions = (
				en,
				Base,
			);
			mainGroup = CD968128262CE7EE00C6F352;
			productRefGroup = CD968132262CE7EF00C6F352 /* Products */;
			projectDirPath = "";
			projectRoot = "";
			targets = (
				CD968130262CE7EE00C6F352 /* MyLocationMap */,
			);
		};
/* End PBXProject section */

/* Begin PBXResourcesBuildPhase section */
		CD96812F262CE7EE00C6F352 /* Resources */ = {
			isa = PBXResourcesBuildPhase;
			buildActionMask = 2147483647;
			files = (
				CD968141262CE7F800C6F352 /* LaunchScreen.storyboard in Resources */,
				CD96813E262CE7F800C6F352 /* Assets.xcassets in Resources */,
				CD96813C262CE7EF00C6F352 /* Main.storyboard in Resources */,
			);
			runOnlyForDeploymentPostprocessing = 0;
		};
/* End PBXResourcesBuildPhase section */

/* Begin PBXSourcesBuildPhase section */
		CD96812D262CE7EE00C6F352 /* Sources */ = {
			isa = PBXSourcesBuildPhase;
			buildActionMask = 2147483647;
			files = (
				CD968139262CE7EF00C6F352 /* ViewController.swift in Sources */,
				CD968135262CE7EF00C6F352 /* AppDelegate.swift in Sources */,
				CD968137262CE7EF00C6F352 /* SceneDelegate.swift in Sources */,
			);
			runOnlyForDeploymentPostprocessing = 0;
		};
/* End PBXSourcesBuildPhase section */

/* Begin PBXVariantGroup section */
		CD96813A262CE7EF00C6F352 /* Main.storyboard */ = {
			isa = PBXVariantGroup;
			children = (
				CD96813B262CE7EF00C6F352 /* Base */,
			);
			name = Main.storyboard;
			sourceTree = "<group>";
		};
		CD96813F262CE7F800C6F352 /* LaunchScreen.storyboard */ = {
			isa = PBXVariantGroup;
			children = (
				CD968140262CE7F800C6F352 /* Base */,
			);
			name = LaunchScreen.storyboard;
			sourceTree = "<group>";
		};
/* End PBXVariantGroup section */

/* Begin XCBuildConfiguration section */
		CD968143262CE7F800C6F352 /* Debug */ = {
			isa = XCBuildConfiguration;
			buildSettings = {
				ALWAYS_SEARCH_USER_PATHS = NO;
				CLANG_ANALYZER_NONNULL = YES;
				CLANG_ANALYZER_NUMBER_OBJECT_CONVERSION = YES_AGGRESSIVE;
				CLANG_CXX_LANGUAGE_STANDARD = "gnu++14";
				CLANG_CXX_LIBRARY = "libc++";
				CLANG_ENABLE_MODULES = YES;
				CLANG_ENABLE_OBJC_ARC = YES;
				CLANG_ENABLE_OBJC_WEAK = YES;
				CLANG_WARN_BLOCK_CAPTURE_AUTORELEASING = YES;
				CLANG_WARN_BOOL_CONVERSION = YES;
				CLANG_WARN_COMMA = YES;
				CLANG_WARN_CONSTANT_CONVERSION = YES;
				CLANG_WARN_DEPRECATED_OBJC_IMPLEMENTATIONS = YES;
				CLANG_WARN_DIRECT_OBJC_ISA_USAGE = YES_ERROR;
				CLANG_WARN_DOCUMENTATION_COMMENTS = YES;
				CLANG_WARN_EMPTY_BODY = YES;
				CLANG_WARN_ENUM_CONVERSION = YES;
				CLANG_WARN_INFINITE_RECURSION = YES;
				CLANG_WARN_INT_CONVERSION = YES;
				CLANG_WARN_NON_LITERAL_NULL_CONVERSION = YES;
				CLANG_WARN_OBJC_IMPLICIT_RETAIN_SELF = YES;
				CLANG_WARN_OBJC_LITERAL_CONVERSION = YES;
				CLANG_WARN_OBJC_ROOT_CLASS = YES_ERROR;
				CLANG_WARN_QUOTED_INCLUDE_IN_FRAMEWORK_HEADER = YES;
				CLANG_WARN_RANGE_LOOP_ANALYSIS = YES;
				CLANG_WARN_STRICT_PROTOTYPES = YES;
				CLANG_WARN_SUSPICIOUS_MOVE = YES;
				CLANG_WARN_UNGUARDED_AVAILABILITY = YES_AGGRESSIVE;
				CLANG_WARN_UNREACHABLE_CODE = YES;
				CLANG_WARN__DUPLICATE_METHOD_MATCH = YES;
				COPY_PHASE_STRIP = NO;
				DEBUG_INFORMATION_FORMAT = dwarf;
				ENABLE_STRICT_OBJC_MSGSEND = YES;
				ENABLE_TESTABILITY = YES;
				GCC_C_LANGUAGE_STANDARD = gnu11;
				GCC_DYNAMIC_NO_PIC = NO;
				GCC_NO_COMMON_BLOCKS = YES;
				GCC_OPTIMIZATION_LEVEL = 0;
				GCC_PREPROCESSOR_DEFINITIONS = (
					"DEBUG=1",
					"$(inherited)",
				);
				GCC_WARN_64_TO_32_BIT_CONVERSION = YES;
				GCC_WARN_ABOUT_RETURN_TYPE = YES_ERROR;
				GCC_WARN_UNDECLARED_SELECTOR = YES;
				GCC_WARN_UNINITIALIZED_AUTOS = YES_AGGRESSIVE;
				GCC_WARN_UNUSED_FUNCTION = YES;
				GCC_WARN_UNUSED_VARIABLE = YES;
				IPHONEOS_DEPLOYMENT_TARGET = 14.4;
				MTL_ENABLE_DEBUG_INFO = INCLUDE_SOURCE;
				MTL_FAST_MATH = YES;
				ONLY_ACTIVE_ARCH = YES;
				SDKROOT = iphoneos;
				SWIFT_ACTIVE_COMPILATION_CONDITIONS = DEBUG;
				SWIFT_OPTIMIZATION_LEVEL = "-Onone";
			};
			name = Debug;
		};
		CD968144262CE7F800C6F352 /* Release */ = {
			isa = XCBuildConfiguration;
			buildSettings = {
				ALWAYS_SEARCH_USER_PATHS = NO;
				CLANG_ANALYZER_NONNULL = YES;
				CLANG_ANALYZER_NUMBER_OBJECT_CONVERSION = YES_AGGRESSIVE;
				CLANG_CXX_LANGUAGE_STANDARD = "gnu++14";
				CLANG_CXX_LIBRARY = "libc++";
				CLANG_ENABLE_MODULES = YES;
				CLANG_ENABLE_OBJC_ARC = YES;
				CLANG_ENABLE_OBJC_WEAK = YES;
				CLANG_WARN_BLOCK_CAPTURE_AUTORELEASING = YES;
				CLANG_WARN_BOOL_CONVERSION = YES;
				CLANG_WARN_COMMA = YES;
				CLANG_WARN_CONSTANT_CONVERSION = YES;
				CLANG_WARN_DEPRECATED_OBJC_IMPLEMENTATIONS = YES;
				CLANG_WARN_DIRECT_OBJC_ISA_USAGE = YES_ERROR;
				CLANG_WARN_DOCUMENTATION_COMMENTS = YES;
				CLANG_WARN_EMPTY_BODY = YES;
				CLANG_WARN_ENUM_CONVERSION = YES;
				CLANG_WARN_INFINITE_RECURSION = YES;
				CLANG_WARN_INT_CONVERSION = YES;
				CLANG_WARN_NON_LITERAL_NULL_CONVERSION = YES;
				CLANG_WARN_OBJC_IMPLICIT_RETAIN_SELF = YES;
				CLANG_WARN_OBJC_LITERAL_CONVERSION = YES;
				CLANG_WARN_OBJC_ROOT_CLASS = YES_ERROR;
				CLANG_WARN_QUOTED_INCLUDE_IN_FRAMEWORK_HEADER = YES;
				CLANG_WARN_RANGE_LOOP_ANALYSIS = YES;
				CLANG_WARN_STRICT_PROTOTYPES = YES;
				CLANG_WARN_SUSPICIOUS_MOVE = YES;
				CLANG_WARN_UNGUARDED_AVAILABILITY = YES_AGGRESSIVE;
				CLANG_WARN_UNREACHABLE_CODE = YES;
				CLANG_WARN__DUPLICATE_METHOD_MATCH = YES;
				COPY_PHASE_STRIP = NO;
				DEBUG_INFORMATION_FORMAT = "dwarf-with-dsym";
				ENABLE_NS_ASSERTIONS = NO;
				ENABLE_STRICT_OBJC_MSGSEND = YES;
				GCC_C_LANGUAGE_STANDARD = gnu11;
				GCC_NO_COMMON_BLOCKS = YES;
				GCC_WARN_64_TO_32_BIT_CONVERSION = YES;
				GCC_WARN_ABOUT_RETURN_TYPE = YES_ERROR;
				GCC_WARN_UNDECLARED_SELECTOR = YES;
				GCC_WARN_UNINITIALIZED_AUTOS = YES_AGGRESSIVE;
				GCC_WARN_UNUSED_FUNCTION = YES;
				GCC_WARN_UNUSED_VARIABLE = YES;
				IPHONEOS_DEPLOYMENT_TARGET = 14.4;
				MTL_ENABLE_DEBUG_INFO = NO;
				MTL_FAST_MATH = YES;
				SDKROOT = iphoneos;
				SWIFT_COMPILATION_MODE = wholemodule;
				SWIFT_OPTIMIZATION_LEVEL = "-O";
				VALIDATE_PRODUCT = YES;
			};
			name = Release;
		};
		CD968146262CE7F800C6F352 /* Debug */ = {
			isa = XCBuildConfiguration;
			buildSettings = {
				ASSETCATALOG_COMPILER_APPICON_NAME = AppIcon;
				ASSETCATALOG_COMPILER_GLOBAL_ACCENT_COLOR_NAME = AccentColor;
				CODE_SIGN_STYLE = Automatic;
				INFOPLIST_FILE = MyLocationMap/Info.plist;
				LD_RUNPATH_SEARCH_PATHS = (
					"$(inherited)",
					"@executable_path/Frameworks",
				);
				PRODUCT_BUNDLE_IDENTIFIER = "edu.indiana.cs.c323-phospra.MyLocationMap";
				PRODUCT_NAME = "$(TARGET_NAME)";
				SWIFT_VERSION = 5.0;
				TARGETED_DEVICE_FAMILY = "1,2";
			};
			name = Debug;
		};
		CD968147262CE7F800C6F352 /* Release */ = {
			isa = XCBuildConfiguration;
			buildSettings = {
				ASSETCATALOG_COMPILER_APPICON_NAME = AppIcon;
				ASSETCATALOG_COMPILER_GLOBAL_ACCENT_COLOR_NAME = AccentColor;
				CODE_SIGN_STYLE = Automatic;
				INFOPLIST_FILE = MyLocationMap/Info.plist;
				LD_RUNPATH_SEARCH_PATHS = (
					"$(inherited)",
					"@executable_path/Frameworks",
				);
				PRODUCT_BUNDLE_IDENTIFIER = "edu.indiana.cs.c323-phospra.MyLocationMap";
				PRODUCT_NAME = "$(TARGET_NAME)";
				SWIFT_VERSION = 5.0;
				TARGETED_DEVICE_FAMILY = "1,2";
			};
			name = Release;
		};
/* End XCBuildConfiguration section */

/* Begin XCConfigurationList section */
		CD96812C262CE7EE00C6F352 /* Build configuration list for PBXProject "MyLocationMap" */ = {
			isa = XCConfigurationList;
			buildConfigurations = (
				CD968143262CE7F800C6F352 /* Debug */,
				CD968144262CE7F800C6F352 /* Release */,
			);
			defaultConfigurationIsVisible = 0;
			defaultConfigurationName = Release;
		};
		CD968145262CE7F800C6F352 /* Build configuration list for PBXNativeTarget "MyLocationMap" */ = {
			isa = XCConfigurationList;
			buildConfigurations = (
				CD968146262CE7F800C6F352 /* Debug */,
				CD968147262CE7F800C6F352 /* Release */,
			);
			defaultConfigurationIsVisible = 0;
			defaultConfigurationName = Release;
		};
/* End XCConfigurationList section */
	};
	rootObject = CD968129262CE7EE00C6F352 /* Project object */;
}
