// !$*UTF8*$!
{
	archiveVersion = 1;
	classes = {
	};
	objectVersion = 50;
	objects = {

/* Begin PBXBuildFile section */
		CD96811A261D097A00C6F352 /* Reminder.swift in Sources */ = {isa = PBXBuildFile; fileRef = CD968119261D097A00C6F352 /* Reminder.swift */; };
		CDAEB03C25F1B10C00DF4D41 /* AppDelegate.swift in Sources */ = {isa = PBXBuildFile; fileRef = CDAEB03B25F1B10C00DF4D41 /* AppDelegate.swift */; };
		CDAEB03E25F1B10C00DF4D41 /* SceneDelegate.swift in Sources */ = {isa = PBXBuildFile; fileRef = CDAEB03D25F1B10C00DF4D41 /* SceneDelegate.swift */; };
		CDAEB04025F1B10C00DF4D41 /* ViewController.swift in Sources */ = {isa = PBXBuildFile; fileRef = CDAEB03F25F1B10C00DF4D41 /* ViewController.swift */; };
		CDAEB04325F1B10C00DF4D41 /* Main.storyboard in Resources */ = {isa = PBXBuildFile; fileRef = CDAEB04125F1B10C00DF4D41 /* Main.storyboard */; };
		CDAEB04525F1B11300DF4D41 /* Assets.xcassets in Resources */ = {isa = PBXBuildFile; fileRef = CDAEB04425F1B11300DF4D41 /* Assets.xcassets */; };
		CDAEB04825F1B11300DF4D41 /* LaunchScreen.storyboard in Resources */ = {isa = PBXBuildFile; fileRef = CDAEB04625F1B11300DF4D41 /* LaunchScreen.storyboard */; };
		CDAEB05125F1B2BE00DF4D41 /* MiniRemindersDataModel.swift in Sources */ = {isa = PBXBuildFile; fileRef = CDAEB05025F1B2BE00DF4D41 /* MiniRemindersDataModel.swift */; };
		CDF6C5AE25F84E1900F09F26 /* RemindPersistentTableViewCell.swift in Sources */ = {isa = PBXBuildFile; fileRef = CDF6C5AD25F84E1800F09F26 /* RemindPersistentTableViewCell.swift */; };
		CDF6C5B225F9757800F09F26 /* RemindPersistentTableViewController.swift in Sources */ = {isa = PBXBuildFile; fileRef = CDF6C5B125F9757800F09F26 /* RemindPersistentTableViewController.swift */; };
/* End PBXBuildFile section */

/* Begin PBXFileReference section */
		CD968119261D097A00C6F352 /* Reminder.swift */ = {isa = PBXFileReference; lastKnownFileType = sourcecode.swift; path = Reminder.swift; sourceTree = "<group>"; };
		CDAEB03825F1B10C00DF4D41 /* RemindPersistent.app */ = {isa = PBXFileReference; explicitFileType = wrapper.application; includeInIndex = 0; path = RemindPersistent.app; sourceTree = BUILT_PRODUCTS_DIR; };
		CDAEB03B25F1B10C00DF4D41 /* AppDelegate.swift */ = {isa = PBXFileReference; lastKnownFileType = sourcecode.swift; path = AppDelegate.swift; sourceTree = "<group>"; };
		CDAEB03D25F1B10C00DF4D41 /* SceneDelegate.swift */ = {isa = PBXFileReference; lastKnownFileType = sourcecode.swift; path = SceneDelegate.swift; sourceTree = "<group>"; };
		CDAEB03F25F1B10C00DF4D41 /* ViewController.swift */ = {isa = PBXFileReference; lastKnownFileType = sourcecode.swift; path = ViewController.swift; sourceTree = "<group>"; };
		CDAEB04225F1B10C00DF4D41 /* Base */ = {isa = PBXFileReference; lastKnownFileType = file.storyboard; name = Base; path = Base.lproj/Main.storyboard; sourceTree = "<group>"; };
		CDAEB04425F1B11300DF4D41 /* Assets.xcassets */ = {isa = PBXFileReference; lastKnownFileType = folder.assetcatalog; path = Assets.xcassets; sourceTree = "<group>"; };
		CDAEB04725F1B11300DF4D41 /* Base */ = {isa = PBXFileReference; lastKnownFileType = file.storyboard; name = Base; path = Base.lproj/LaunchScreen.storyboard; sourceTree = "<group>"; };
		CDAEB04925F1B11300DF4D41 /* Info.plist */ = {isa = PBXFileReference; lastKnownFileType = text.plist.xml; path = Info.plist; sourceTree = "<group>"; };
		CDAEB05025F1B2BE00DF4D41 /* MiniRemindersDataModel.swift */ = {isa = PBXFileReference; lastKnownFileType = sourcecode.swift; path = MiniRemindersDataModel.swift; sourceTree = "<group>"; };
		CDF6C5AD25F84E1800F09F26 /* RemindPersistentTableViewCell.swift */ = {isa = PBXFileReference; lastKnownFileType = sourcecode.swift; path = RemindPersistentTableViewCell.swift; sourceTree = "<group>"; };
		CDF6C5B125F9757800F09F26 /* RemindPersistentTableViewController.swift */ = {isa = PBXFileReference; lastKnownFileType = sourcecode.swift; path = RemindPersistentTableViewController.swift; sourceTree = "<group>"; };
/* End PBXFileReference section */

/* Begin PBXFrameworksBuildPhase section */
		CDAEB03525F1B10C00DF4D41 /* Frameworks */ = {
			isa = PBXFrameworksBuildPhase;
			buildActionMask = 2147483647;
			files = (
			);
			runOnlyForDeploymentPostprocessing = 0;
		};
/* End PBXFrameworksBuildPhase section */

/* Begin PBXGroup section */
		CDAEB02F25F1B10C00DF4D41 = {
			isa = PBXGroup;
			children = (
				CDAEB03A25F1B10C00DF4D41 /* RemindPersistent */,
				CDAEB03925F1B10C00DF4D41 /* Products */,
			);
			sourceTree = "<group>";
		};
		CDAEB03925F1B10C00DF4D41 /* Products */ = {
			isa = PBXGroup;
			children = (
				CDAEB03825F1B10C00DF4D41 /* RemindPersistent.app */,
			);
			name = Products;
			sourceTree = "<group>";
		};
		CDAEB03A25F1B10C00DF4D41 /* RemindPersistent */ = {
			isa = PBXGroup;
			children = (
				CDAEB03B25F1B10C00DF4D41 /* AppDelegate.swift */,
				CDAEB03D25F1B10C00DF4D41 /* SceneDelegate.swift */,
				CDAEB05025F1B2BE00DF4D41 /* MiniRemindersDataModel.swift */,
				CDF6C5AD25F84E1800F09F26 /* RemindPersistentTableViewCell.swift */,
				CDF6C5B125F9757800F09F26 /* RemindPersistentTableViewController.swift */,
				CD968119261D097A00C6F352 /* Reminder.swift */,
				CDAEB03F25F1B10C00DF4D41 /* ViewController.swift */,
				CDAEB04125F1B10C00DF4D41 /* Main.storyboard */,
				CDAEB04425F1B11300DF4D41 /* Assets.xcassets */,
				CDAEB04625F1B11300DF4D41 /* LaunchScreen.storyboard */,
				CDAEB04925F1B11300DF4D41 /* Info.plist */,
			);
			path = RemindPersistent;
			sourceTree = "<group>";
		};
/* End PBXGroup section */

/* Begin PBXNativeTarget section */
		CDAEB03725F1B10C00DF4D41 /* RemindPersistent */ = {
			isa = PBXNativeTarget;
			buildConfigurationList = CDAEB04C25F1B11300DF4D41 /* Build configuration list for PBXNativeTarget "RemindPersistent" */;
			buildPhases = (
				CDAEB03425F1B10C00DF4D41 /* Sources */,
				CDAEB03525F1B10C00DF4D41 /* Frameworks */,
				CDAEB03625F1B10C00DF4D41 /* Resources */,
			);
			buildRules = (
			);
			dependencies = (
			);
			name = RemindPersistent;
			productName = MiniReminders;
			productReference = CDAEB03825F1B10C00DF4D41 /* RemindPersistent.app */;
			productType = "com.apple.product-type.application";
		};
/* End PBXNativeTarget section */

/* Begin PBXProject section */
		CDAEB03025F1B10C00DF4D41 /* Project object */ = {
			isa = PBXProject;
			attributes = {
				LastSwiftUpdateCheck = 1240;
				LastUpgradeCheck = 1240;
				TargetAttributes = {
					CDAEB03725F1B10C00DF4D41 = {
						CreatedOnToolsVersion = 12.4;
					};
				};
			};
			buildConfigurationList = CDAEB03325F1B10C00DF4D41 /* Build configuration list for PBXProject "RemindPersistent" */;
			compatibilityVersion = "Xcode 9.3";
			developmentRegion = en;
			hasScannedForEncodings = 0;
			knownRegions = (
				en,
				Base,
			);
			mainGroup = CDAEB02F25F1B10C00DF4D41;
			productRefGroup = CDAEB03925F1B10C00DF4D41 /* Products */;
			projectDirPath = "";
			projectRoot = "";
			targets = (
				CDAEB03725F1B10C00DF4D41 /* RemindPersistent */,
			);
		};
/* End PBXProject section */

/* Begin PBXResourcesBuildPhase section */
		CDAEB03625F1B10C00DF4D41 /* Resources */ = {
			isa = PBXResourcesBuildPhase;
			buildActionMask = 2147483647;
			files = (
				CDAEB04825F1B11300DF4D41 /* LaunchScreen.storyboard in Resources */,
				CDAEB04525F1B11300DF4D41 /* Assets.xcassets in Resources */,
				CDAEB04325F1B10C00DF4D41 /* Main.storyboard in Resources */,
			);
			runOnlyForDeploymentPostprocessing = 0;
		};
/* End PBXResourcesBuildPhase section */

/* Begin PBXSourcesBuildPhase section */
		CDAEB03425F1B10C00DF4D41 /* Sources */ = {
			isa = PBXSourcesBuildPhase;
			buildActionMask = 2147483647;
			files = (
				CDAEB05125F1B2BE00DF4D41 /* MiniRemindersDataModel.swift in Sources */,
				CD96811A261D097A00C6F352 /* Reminder.swift in Sources */,
				CDAEB04025F1B10C00DF4D41 /* ViewController.swift in Sources */,
				CDF6C5AE25F84E1900F09F26 /* RemindPersistentTableViewCell.swift in Sources */,
				CDAEB03C25F1B10C00DF4D41 /* AppDelegate.swift in Sources */,
				CDAEB03E25F1B10C00DF4D41 /* SceneDelegate.swift in Sources */,
				CDF6C5B225F9757800F09F26 /* RemindPersistentTableViewController.swift in Sources */,
			);
			runOnlyForDeploymentPostprocessing = 0;
		};
/* End PBXSourcesBuildPhase section */

/* Begin PBXVariantGroup section */
		CDAEB04125F1B10C00DF4D41 /* Main.storyboard */ = {
			isa = PBXVariantGroup;
			children = (
				CDAEB04225F1B10C00DF4D41 /* Base */,
			);
			name = Main.storyboard;
			sourceTree = "<group>";
		};
		CDAEB04625F1B11300DF4D41 /* LaunchScreen.storyboard */ = {
			isa = PBXVariantGroup;
			children = (
				CDAEB04725F1B11300DF4D41 /* Base */,
			);
			name = LaunchScreen.storyboard;
			sourceTree = "<group>";
		};
/* End PBXVariantGroup section */

/* Begin XCBuildConfiguration section */
		CDAEB04A25F1B11300DF4D41 /* Debug */ = {
			isa = XCBuildConfiguration;
			buildSettings = {
				ALWAYS_SEARCH_USER_PATHS = NO;
				CLANG_ANALYZER_NONNULL = YES;
				CLANG_ANALYZER_NUMBER_OBJECT_CONVERSION = YES_AGGRESSIVE;
				CLANG_CXX_LANGUAGE_STANDARD = "gnu++14";
				CLANG_CXX_LIBRARY = "libc++";
				CLANG_ENABLE_MODULES = YES;
				CLANG_ENABLE_OBJC_ARC = YES;
				CLANG_ENABLE_OBJC_WEAK = YES;
				CLANG_WARN_BLOCK_CAPTURE_AUTORELEASING = YES;
				CLANG_WARN_BOOL_CONVERSION = YES;
				CLANG_WARN_COMMA = YES;
				CLANG_WARN_CONSTANT_CONVERSION = YES;
				CLANG_WARN_DEPRECATED_OBJC_IMPLEMENTATIONS = YES;
				CLANG_WARN_DIRECT_OBJC_ISA_USAGE = YES_ERROR;
				CLANG_WARN_DOCUMENTATION_COMMENTS = YES;
				CLANG_WARN_EMPTY_BODY = YES;
				CLANG_WARN_ENUM_CONVERSION = YES;
				CLANG_WARN_INFINITE_RECURSION = YES;
				CLANG_WARN_INT_CONVERSION = YES;
				CLANG_WARN_NON_LITERAL_NULL_CONVERSION = YES;
				CLANG_WARN_OBJC_IMPLICIT_RETAIN_SELF = YES;
				CLANG_WARN_OBJC_LITERAL_CONVERSION = YES;
				CLANG_WARN_OBJC_ROOT_CLASS = YES_ERROR;
				CLANG_WARN_QUOTED_INCLUDE_IN_FRAMEWORK_HEADER = YES;
				CLANG_WARN_RANGE_LOOP_ANALYSIS = YES;
				CLANG_WARN_STRICT_PROTOTYPES = YES;
				CLANG_WARN_SUSPICIOUS_MOVE = YES;
				CLANG_WARN_UNGUARDED_AVAILABILITY = YES_AGGRESSIVE;
				CLANG_WARN_UNREACHABLE_CODE = YES;
				CLANG_WARN__DUPLICATE_METHOD_MATCH = YES;
				COPY_PHASE_STRIP = NO;
				DEBUG_INFORMATION_FORMAT = dwarf;
				ENABLE_STRICT_OBJC_MSGSEND = YES;
				ENABLE_TESTABILITY = YES;
				GCC_C_LANGUAGE_STANDARD = gnu11;
				GCC_DYNAMIC_NO_PIC = NO;
				GCC_NO_COMMON_BLOCKS = YES;
				GCC_OPTIMIZATION_LEVEL = 0;
				GCC_PREPROCESSOR_DEFINITIONS = (
					"DEBUG=1",
					"$(inherited)",
				);
				GCC_WARN_64_TO_32_BIT_CONVERSION = YES;
				GCC_WARN_ABOUT_RETURN_TYPE = YES_ERROR;
				GCC_WARN_UNDECLARED_SELECTOR = YES;
				GCC_WARN_UNINITIALIZED_AUTOS = YES_AGGRESSIVE;
				GCC_WARN_UNUSED_FUNCTION = YES;
				GCC_WARN_UNUSED_VARIABLE = YES;
				IPHONEOS_DEPLOYMENT_TARGET = 14.4;
				MTL_ENABLE_DEBUG_INFO = INCLUDE_SOURCE;
				MTL_FAST_MATH = YES;
				ONLY_ACTIVE_ARCH = YES;
				SDKROOT = iphoneos;
				SWIFT_ACTIVE_COMPILATION_CONDITIONS = DEBUG;
				SWIFT_OPTIMIZATION_LEVEL = "-Onone";
			};
			name = Debug;
		};
		CDAEB04B25F1B11300DF4D41 /* Release */ = {
			isa = XCBuildConfiguration;
			buildSettings = {
				ALWAYS_SEARCH_USER_PATHS = NO;
				CLANG_ANALYZER_NONNULL = YES;
				CLANG_ANALYZER_NUMBER_OBJECT_CONVERSION = YES_AGGRESSIVE;
				CLANG_CXX_LANGUAGE_STANDARD = "gnu++14";
				CLANG_CXX_LIBRARY = "libc++";
				CLANG_ENABLE_MODULES = YES;
				CLANG_ENABLE_OBJC_ARC = YES;
				CLANG_ENABLE_OBJC_WEAK = YES;
				CLANG_WARN_BLOCK_CAPTURE_AUTORELEASING = YES;
				CLANG_WARN_BOOL_CONVERSION = YES;
				CLANG_WARN_COMMA = YES;
				CLANG_WARN_CONSTANT_CONVERSION = YES;
				CLANG_WARN_DEPRECATED_OBJC_IMPLEMENTATIONS = YES;
				CLANG_WARN_DIRECT_OBJC_ISA_USAGE = YES_ERROR;
				CLANG_WARN_DOCUMENTATION_COMMENTS = YES;
				CLANG_WARN_EMPTY_BODY = YES;
				CLANG_WARN_ENUM_CONVERSION = YES;
				CLANG_WARN_INFINITE_RECURSION = YES;
				CLANG_WARN_INT_CONVERSION = YES;
				CLANG_WARN_NON_LITERAL_NULL_CONVERSION = YES;
				CLANG_WARN_OBJC_IMPLICIT_RETAIN_SELF = YES;
				CLANG_WARN_OBJC_LITERAL_CONVERSION = YES;
				CLANG_WARN_OBJC_ROOT_CLASS = YES_ERROR;
				CLANG_WARN_QUOTED_INCLUDE_IN_FRAMEWORK_HEADER = YES;
				CLANG_WARN_RANGE_LOOP_ANALYSIS = YES;
				CLANG_WARN_STRICT_PROTOTYPES = YES;
				CLANG_WARN_SUSPICIOUS_MOVE = YES;
				CLANG_WARN_UNGUARDED_AVAILABILITY = YES_AGGRESSIVE;
				CLANG_WARN_UNREACHABLE_CODE = YES;
				CLANG_WARN__DUPLICATE_METHOD_MATCH = YES;
				COPY_PHASE_STRIP = NO;
				DEBUG_INFORMATION_FORMAT = "dwarf-with-dsym";
				ENABLE_NS_ASSERTIONS = NO;
				ENABLE_STRICT_OBJC_MSGSEND = YES;
				GCC_C_LANGUAGE_STANDARD = gnu11;
				GCC_NO_COMMON_BLOCKS = YES;
				GCC_WARN_64_TO_32_BIT_CONVERSION = YES;
				GCC_WARN_ABOUT_RETURN_TYPE = YES_ERROR;
				GCC_WARN_UNDECLARED_SELECTOR = YES;
				GCC_WARN_UNINITIALIZED_AUTOS = YES_AGGRESSIVE;
				GCC_WARN_UNUSED_FUNCTION = YES;
				GCC_WARN_UNUSED_VARIABLE = YES;
				IPHONEOS_DEPLOYMENT_TARGET = 14.4;
				MTL_ENABLE_DEBUG_INFO = NO;
				MTL_FAST_MATH = YES;
				SDKROOT = iphoneos;
				SWIFT_COMPILATION_MODE = wholemodule;
				SWIFT_OPTIMIZATION_LEVEL = "-O";
				VALIDATE_PRODUCT = YES;
			};
			name = Release;
		};
		CDAEB04D25F1B11300DF4D41 /* Debug */ = {
			isa = XCBuildConfiguration;
			buildSettings = {
				ASSETCATALOG_COMPILER_APPICON_NAME = AppIcon;
				ASSETCATALOG_COMPILER_GLOBAL_ACCENT_COLOR_NAME = AccentColor;
				CODE_SIGN_STYLE = Automatic;
				INFOPLIST_FILE = RemindPersistent/Info.plist;
				LD_RUNPATH_SEARCH_PATHS = (
					"$(inherited)",
					"@executable_path/Frameworks",
				);
				PRODUCT_BUNDLE_IDENTIFIER = "edu.indiana.cs.c323-phospra.RemindPersistent";
				PRODUCT_NAME = "$(TARGET_NAME)";
				SWIFT_VERSION = 5.0;
				TARGETED_DEVICE_FAMILY = "1,2";
			};
			name = Debug;
		};
		CDAEB04E25F1B11300DF4D41 /* Release */ = {
			isa = XCBuildConfiguration;
			buildSettings = {
				ASSETCATALOG_COMPILER_APPICON_NAME = AppIcon;
				ASSETCATALOG_COMPILER_GLOBAL_ACCENT_COLOR_NAME = AccentColor;
				CODE_SIGN_STYLE = Automatic;
				INFOPLIST_FILE = RemindPersistent/Info.plist;
				LD_RUNPATH_SEARCH_PATHS = (
					"$(inherited)",
					"@executable_path/Frameworks",
				);
				PRODUCT_BUNDLE_IDENTIFIER = "edu.indiana.cs.c323-phospra.RemindPersistent";
				PRODUCT_NAME = "$(TARGET_NAME)";
				SWIFT_VERSION = 5.0;
				TARGETED_DEVICE_FAMILY = "1,2";
			};
			name = Release;
		};
/* End XCBuildConfiguration section */

/* Begin XCConfigurationList section */
		CDAEB03325F1B10C00DF4D41 /* Build configuration list for PBXProject "RemindPersistent" */ = {
			isa = XCConfigurationList;
			buildConfigurations = (
				CDAEB04A25F1B11300DF4D41 /* Debug */,
				CDAEB04B25F1B11300DF4D41 /* Release */,
			);
			defaultConfigurationIsVisible = 0;
			defaultConfigurationName = Release;
		};
		CDAEB04C25F1B11300DF4D41 /* Build configuration list for PBXNativeTarget "RemindPersistent" */ = {
			isa = XCConfigurationList;
			buildConfigurations = (
				CDAEB04D25F1B11300DF4D41 /* Debug */,
				CDAEB04E25F1B11300DF4D41 /* Release */,
			);
			defaultConfigurationIsVisible = 0;
			defaultConfigurationName = Release;
		};
/* End XCConfigurationList section */
	};
	rootObject = CDAEB03025F1B10C00DF4D41 /* Project object */;
}
