// !$*UTF8*$!
{
	archiveVersion = 1;
	classes = {
	};
	objectVersion = 50;
	objects = {

/* Begin PBXBuildFile section */
		CDAEB01825E87A7B00DF4D41 /* AppDelegate.swift in Sources */ = {isa = PBXBuildFile; fileRef = CDAEB01725E87A7B00DF4D41 /* AppDelegate.swift */; };
		CDAEB01A25E87A7B00DF4D41 /* SceneDelegate.swift in Sources */ = {isa = PBXBuildFile; fileRef = CDAEB01925E87A7B00DF4D41 /* SceneDelegate.swift */; };
		CDAEB01C25E87A7B00DF4D41 /* ViewController.swift in Sources */ = {isa = PBXBuildFile; fileRef = CDAEB01B25E87A7B00DF4D41 /* ViewController.swift */; };
		CDAEB01F25E87A7B00DF4D41 /* Main.storyboard in Resources */ = {isa = PBXBuildFile; fileRef = CDAEB01D25E87A7B00DF4D41 /* Main.storyboard */; };
		CDAEB02125E87A8000DF4D41 /* Assets.xcassets in Resources */ = {isa = PBXBuildFile; fileRef = CDAEB02025E87A8000DF4D41 /* Assets.xcassets */; };
		CDAEB02425E87A8000DF4D41 /* LaunchScreen.storyboard in Resources */ = {isa = PBXBuildFile; fileRef = CDAEB02225E87A8000DF4D41 /* LaunchScreen.storyboard */; };
		CDAEB02D25E87BBF00DF4D41 /* MyTableViewController.swift in Sources */ = {isa = PBXBuildFile; fileRef = CDAEB02C25E87BBF00DF4D41 /* MyTableViewController.swift */; };
/* End PBXBuildFile section */

/* Begin PBXFileReference section */
		CDAEB01425E87A7B00DF4D41 /* MyTableViewControllerTest.app */ = {isa = PBXFileReference; explicitFileType = wrapper.application; includeInIndex = 0; path = MyTableViewControllerTest.app; sourceTree = BUILT_PRODUCTS_DIR; };
		CDAEB01725E87A7B00DF4D41 /* AppDelegate.swift */ = {isa = PBXFileReference; lastKnownFileType = sourcecode.swift; path = AppDelegate.swift; sourceTree = "<group>"; };
		CDAEB01925E87A7B00DF4D41 /* SceneDelegate.swift */ = {isa = PBXFileReference; lastKnownFileType = sourcecode.swift; path = SceneDelegate.swift; sourceTree = "<group>"; };
		CDAEB01B25E87A7B00DF4D41 /* ViewController.swift */ = {isa = PBXFileReference; lastKnownFileType = sourcecode.swift; path = ViewController.swift; sourceTree = "<group>"; };
		CDAEB01E25E87A7B00DF4D41 /* Base */ = {isa = PBXFileReference; lastKnownFileType = file.storyboard; name = Base; path = Base.lproj/Main.storyboard; sourceTree = "<group>"; };
		CDAEB02025E87A8000DF4D41 /* Assets.xcassets */ = {isa = PBXFileReference; lastKnownFileType = folder.assetcatalog; path = Assets.xcassets; sourceTree = "<group>"; };
		CDAEB02325E87A8000DF4D41 /* Base */ = {isa = PBXFileReference; lastKnownFileType = file.storyboard; name = Base; path = Base.lproj/LaunchScreen.storyboard; sourceTree = "<group>"; };
		CDAEB02525E87A8000DF4D41 /* Info.plist */ = {isa = PBXFileReference; lastKnownFileType = text.plist.xml; path = Info.plist; sourceTree = "<group>"; };
		CDAEB02C25E87BBF00DF4D41 /* MyTableViewController.swift */ = {isa = PBXFileReference; lastKnownFileType = sourcecode.swift; path = MyTableViewController.swift; sourceTree = "<group>"; };
/* End PBXFileReference section */

/* Begin PBXFrameworksBuildPhase section */
		CDAEB01125E87A7B00DF4D41 /* Frameworks */ = {
			isa = PBXFrameworksBuildPhase;
			buildActionMask = 2147483647;
			files = (
			);
			runOnlyForDeploymentPostprocessing = 0;
		};
/* End PBXFrameworksBuildPhase section */

/* Begin PBXGroup section */
		CDAEB00B25E87A7B00DF4D41 = {
			isa = PBXGroup;
			children = (
				CDAEB01625E87A7B00DF4D41 /* MyTableViewControllerTest */,
				CDAEB01525E87A7B00DF4D41 /* Products */,
			);
			sourceTree = "<group>";
		};
		CDAEB01525E87A7B00DF4D41 /* Products */ = {
			isa = PBXGroup;
			children = (
				CDAEB01425E87A7B00DF4D41 /* MyTableViewControllerTest.app */,
			);
			name = Products;
			sourceTree = "<group>";
		};
		CDAEB01625E87A7B00DF4D41 /* MyTableViewControllerTest */ = {
			isa = PBXGroup;
			children = (
				CDAEB01725E87A7B00DF4D41 /* AppDelegate.swift */,
				CDAEB01925E87A7B00DF4D41 /* SceneDelegate.swift */,
				CDAEB01B25E87A7B00DF4D41 /* ViewController.swift */,
				CDAEB01D25E87A7B00DF4D41 /* Main.storyboard */,
				CDAEB02025E87A8000DF4D41 /* Assets.xcassets */,
				CDAEB02225E87A8000DF4D41 /* LaunchScreen.storyboard */,
				CDAEB02525E87A8000DF4D41 /* Info.plist */,
				CDAEB02C25E87BBF00DF4D41 /* MyTableViewController.swift */,
			);
			path = MyTableViewControllerTest;
			sourceTree = "<group>";
		};
/* End PBXGroup section */

/* Begin PBXNativeTarget section */
		CDAEB01325E87A7B00DF4D41 /* MyTableViewControllerTest */ = {
			isa = PBXNativeTarget;
			buildConfigurationList = CDAEB02825E87A8000DF4D41 /* Build configuration list for PBXNativeTarget "MyTableViewControllerTest" */;
			buildPhases = (
				CDAEB01025E87A7B00DF4D41 /* Sources */,
				CDAEB01125E87A7B00DF4D41 /* Frameworks */,
				CDAEB01225E87A7B00DF4D41 /* Resources */,
			);
			buildRules = (
			);
			dependencies = (
			);
			name = MyTableViewControllerTest;
			productName = MyTableViewControllerTest;
			productReference = CDAEB01425E87A7B00DF4D41 /* MyTableViewControllerTest.app */;
			productType = "com.apple.product-type.application";
		};
/* End PBXNativeTarget section */

/* Begin PBXProject section */
		CDAEB00C25E87A7B00DF4D41 /* Project object */ = {
			isa = PBXProject;
			attributes = {
				LastSwiftUpdateCheck = 1240;
				LastUpgradeCheck = 1240;
				TargetAttributes = {
					CDAEB01325E87A7B00DF4D41 = {
						CreatedOnToolsVersion = 12.4;
					};
				};
			};
			buildConfigurationList = CDAEB00F25E87A7B00DF4D41 /* Build configuration list for PBXProject "MyTableViewControllerTest" */;
			compatibilityVersion = "Xcode 9.3";
			developmentRegion = en;
			hasScannedForEncodings = 0;
			knownRegions = (
				en,
				Base,
			);
			mainGroup = CDAEB00B25E87A7B00DF4D41;
			productRefGroup = CDAEB01525E87A7B00DF4D41 /* Products */;
			projectDirPath = "";
			projectRoot = "";
			targets = (
				CDAEB01325E87A7B00DF4D41 /* MyTableViewControllerTest */,
			);
		};
/* End PBXProject section */

/* Begin PBXResourcesBuildPhase section */
		CDAEB01225E87A7B00DF4D41 /* Resources */ = {
			isa = PBXResourcesBuildPhase;
			buildActionMask = 2147483647;
			files = (
				CDAEB02425E87A8000DF4D41 /* LaunchScreen.storyboard in Resources */,
				CDAEB02125E87A8000DF4D41 /* Assets.xcassets in Resources */,
				CDAEB01F25E87A7B00DF4D41 /* Main.storyboard in Resources */,
			);
			runOnlyForDeploymentPostprocessing = 0;
		};
/* End PBXResourcesBuildPhase section */

/* Begin PBXSourcesBuildPhase section */
		CDAEB01025E87A7B00DF4D41 /* Sources */ = {
			isa = PBXSourcesBuildPhase;
			buildActionMask = 2147483647;
			files = (
				CDAEB01C25E87A7B00DF4D41 /* ViewController.swift in Sources */,
				CDAEB01825E87A7B00DF4D41 /* AppDelegate.swift in Sources */,
				CDAEB01A25E87A7B00DF4D41 /* SceneDelegate.swift in Sources */,
				CDAEB02D25E87BBF00DF4D41 /* MyTableViewController.swift in Sources */,
			);
			runOnlyForDeploymentPostprocessing = 0;
		};
/* End PBXSourcesBuildPhase section */

/* Begin PBXVariantGroup section */
		CDAEB01D25E87A7B00DF4D41 /* Main.storyboard */ = {
			isa = PBXVariantGroup;
			children = (
				CDAEB01E25E87A7B00DF4D41 /* Base */,
			);
			name = Main.storyboard;
			sourceTree = "<group>";
		};
		CDAEB02225E87A8000DF4D41 /* LaunchScreen.storyboard */ = {
			isa = PBXVariantGroup;
			children = (
				CDAEB02325E87A8000DF4D41 /* Base */,
			);
			name = LaunchScreen.storyboard;
			sourceTree = "<group>";
		};
/* End PBXVariantGroup section */

/* Begin XCBuildConfiguration section */
		CDAEB02625E87A8000DF4D41 /* Debug */ = {
			isa = XCBuildConfiguration;
			buildSettings = {
				ALWAYS_SEARCH_USER_PATHS = NO;
				CLANG_ANALYZER_NONNULL = YES;
				CLANG_ANALYZER_NUMBER_OBJECT_CONVERSION = YES_AGGRESSIVE;
				CLANG_CXX_LANGUAGE_STANDARD = "gnu++14";
				CLANG_CXX_LIBRARY = "libc++";
				CLANG_ENABLE_MODULES = YES;
				CLANG_ENABLE_OBJC_ARC = YES;
				CLANG_ENABLE_OBJC_WEAK = YES;
				CLANG_WARN_BLOCK_CAPTURE_AUTORELEASING = YES;
				CLANG_WARN_BOOL_CONVERSION = YES;
				CLANG_WARN_COMMA = YES;
				CLANG_WARN_CONSTANT_CONVERSION = YES;
				CLANG_WARN_DEPRECATED_OBJC_IMPLEMENTATIONS = YES;
				CLANG_WARN_DIRECT_OBJC_ISA_USAGE = YES_ERROR;
				CLANG_WARN_DOCUMENTATION_COMMENTS = YES;
				CLANG_WARN_EMPTY_BODY = YES;
				CLANG_WARN_ENUM_CONVERSION = YES;
				CLANG_WARN_INFINITE_RECURSION = YES;
				CLANG_WARN_INT_CONVERSION = YES;
				CLANG_WARN_NON_LITERAL_NULL_CONVERSION = YES;
				CLANG_WARN_OBJC_IMPLICIT_RETAIN_SELF = YES;
				CLANG_WARN_OBJC_LITERAL_CONVERSION = YES;
				CLANG_WARN_OBJC_ROOT_CLASS = YES_ERROR;
				CLANG_WARN_QUOTED_INCLUDE_IN_FRAMEWORK_HEADER = YES;
				CLANG_WARN_RANGE_LOOP_ANALYSIS = YES;
				CLANG_WARN_STRICT_PROTOTYPES = YES;
				CLANG_WARN_SUSPICIOUS_MOVE = YES;
				CLANG_WARN_UNGUARDED_AVAILABILITY = YES_AGGRESSIVE;
				CLANG_WARN_UNREACHABLE_CODE = YES;
				CLANG_WARN__DUPLICATE_METHOD_MATCH = YES;
				COPY_PHASE_STRIP = NO;
				DEBUG_INFORMATION_FORMAT = dwarf;
				ENABLE_STRICT_OBJC_MSGSEND = YES;
				ENABLE_TESTABILITY = YES;
				GCC_C_LANGUAGE_STANDARD = gnu11;
				GCC_DYNAMIC_NO_PIC = NO;
				GCC_NO_COMMON_BLOCKS = YES;
				GCC_OPTIMIZATION_LEVEL = 0;
				GCC_PREPROCESSOR_DEFINITIONS = (
					"DEBUG=1",
					"$(inherited)",
				);
				GCC_WARN_64_TO_32_BIT_CONVERSION = YES;
				GCC_WARN_ABOUT_RETURN_TYPE = YES_ERROR;
				GCC_WARN_UNDECLARED_SELECTOR = YES;
				GCC_WARN_UNINITIALIZED_AUTOS = YES_AGGRESSIVE;
				GCC_WARN_UNUSED_FUNCTION = YES;
				GCC_WARN_UNUSED_VARIABLE = YES;
				IPHONEOS_DEPLOYMENT_TARGET = 14.4;
				MTL_ENABLE_DEBUG_INFO = INCLUDE_SOURCE;
				MTL_FAST_MATH = YES;
				ONLY_ACTIVE_ARCH = YES;
				SDKROOT = iphoneos;
				SWIFT_ACTIVE_COMPILATION_CONDITIONS = DEBUG;
				SWIFT_OPTIMIZATION_LEVEL = "-Onone";
			};
			name = Debug;
		};
		CDAEB02725E87A8000DF4D41 /* Release */ = {
			isa = XCBuildConfiguration;
			buildSettings = {
				ALWAYS_SEARCH_USER_PATHS = NO;
				CLANG_ANALYZER_NONNULL = YES;
				CLANG_ANALYZER_NUMBER_OBJECT_CONVERSION = YES_AGGRESSIVE;
				CLANG_CXX_LANGUAGE_STANDARD = "gnu++14";
				CLANG_CXX_LIBRARY = "libc++";
				CLANG_ENABLE_MODULES = YES;
				CLANG_ENABLE_OBJC_ARC = YES;
				CLANG_ENABLE_OBJC_WEAK = YES;
				CLANG_WARN_BLOCK_CAPTURE_AUTORELEASING = YES;
				CLANG_WARN_BOOL_CONVERSION = YES;
				CLANG_WARN_COMMA = YES;
				CLANG_WARN_CONSTANT_CONVERSION = YES;
				CLANG_WARN_DEPRECATED_OBJC_IMPLEMENTATIONS = YES;
				CLANG_WARN_DIRECT_OBJC_ISA_USAGE = YES_ERROR;
				CLANG_WARN_DOCUMENTATION_COMMENTS = YES;
				CLANG_WARN_EMPTY_BODY = YES;
				CLANG_WARN_ENUM_CONVERSION = YES;
				CLANG_WARN_INFINITE_RECURSION = YES;
				CLANG_WARN_INT_CONVERSION = YES;
				CLANG_WARN_NON_LITERAL_NULL_CONVERSION = YES;
				CLANG_WARN_OBJC_IMPLICIT_RETAIN_SELF = YES;
				CLANG_WARN_OBJC_LITERAL_CONVERSION = YES;
				CLANG_WARN_OBJC_ROOT_CLASS = YES_ERROR;
				CLANG_WARN_QUOTED_INCLUDE_IN_FRAMEWORK_HEADER = YES;
				CLANG_WARN_RANGE_LOOP_ANALYSIS = YES;
				CLANG_WARN_STRICT_PROTOTYPES = YES;
				CLANG_WARN_SUSPICIOUS_MOVE = YES;
				CLANG_WARN_UNGUARDED_AVAILABILITY = YES_AGGRESSIVE;
				CLANG_WARN_UNREACHABLE_CODE = YES;
				CLANG_WARN__DUPLICATE_METHOD_MATCH = YES;
				COPY_PHASE_STRIP = NO;
				DEBUG_INFORMATION_FORMAT = "dwarf-with-dsym";
				ENABLE_NS_ASSERTIONS = NO;
				ENABLE_STRICT_OBJC_MSGSEND = YES;
				GCC_C_LANGUAGE_STANDARD = gnu11;
				GCC_NO_COMMON_BLOCKS = YES;
				GCC_WARN_64_TO_32_BIT_CONVERSION = YES;
				GCC_WARN_ABOUT_RETURN_TYPE = YES_ERROR;
				GCC_WARN_UNDECLARED_SELECTOR = YES;
				GCC_WARN_UNINITIALIZED_AUTOS = YES_AGGRESSIVE;
				GCC_WARN_UNUSED_FUNCTION = YES;
				GCC_WARN_UNUSED_VARIABLE = YES;
				IPHONEOS_DEPLOYMENT_TARGET = 14.4;
				MTL_ENABLE_DEBUG_INFO = NO;
				MTL_FAST_MATH = YES;
				SDKROOT = iphoneos;
				SWIFT_COMPILATION_MODE = wholemodule;
				SWIFT_OPTIMIZATION_LEVEL = "-O";
				VALIDATE_PRODUCT = YES;
			};
			name = Release;
		};
		CDAEB02925E87A8000DF4D41 /* Debug */ = {
			isa = XCBuildConfiguration;
			buildSettings = {
				ASSETCATALOG_COMPILER_APPICON_NAME = AppIcon;
				ASSETCATALOG_COMPILER_GLOBAL_ACCENT_COLOR_NAME = AccentColor;
				CODE_SIGN_STYLE = Automatic;
				INFOPLIST_FILE = MyTableViewControllerTest/Info.plist;
				LD_RUNPATH_SEARCH_PATHS = (
					"$(inherited)",
					"@executable_path/Frameworks",
				);
				PRODUCT_BUNDLE_IDENTIFIER = "edu.indiana.cs.c323-phospra.MyTableViewControllerTest";
				PRODUCT_NAME = "$(TARGET_NAME)";
				SWIFT_VERSION = 5.0;
				TARGETED_DEVICE_FAMILY = "1,2";
			};
			name = Debug;
		};
		CDAEB02A25E87A8000DF4D41 /* Release */ = {
			isa = XCBuildConfiguration;
			buildSettings = {
				ASSETCATALOG_COMPILER_APPICON_NAME = AppIcon;
				ASSETCATALOG_COMPILER_GLOBAL_ACCENT_COLOR_NAME = AccentColor;
				CODE_SIGN_STYLE = Automatic;
				INFOPLIST_FILE = MyTableViewControllerTest/Info.plist;
				LD_RUNPATH_SEARCH_PATHS = (
					"$(inherited)",
					"@executable_path/Frameworks",
				);
				PRODUCT_BUNDLE_IDENTIFIER = "edu.indiana.cs.c323-phospra.MyTableViewControllerTest";
				PRODUCT_NAME = "$(TARGET_NAME)";
				SWIFT_VERSION = 5.0;
				TARGETED_DEVICE_FAMILY = "1,2";
			};
			name = Release;
		};
/* End XCBuildConfiguration section */

/* Begin XCConfigurationList section */
		CDAEB00F25E87A7B00DF4D41 /* Build configuration list for PBXProject "MyTableViewControllerTest" */ = {
			isa = XCConfigurationList;
			buildConfigurations = (
				CDAEB02625E87A8000DF4D41 /* Debug */,
				CDAEB02725E87A8000DF4D41 /* Release */,
			);
			defaultConfigurationIsVisible = 0;
			defaultConfigurationName = Release;
		};
		CDAEB02825E87A8000DF4D41 /* Build configuration list for PBXNativeTarget "MyTableViewControllerTest" */ = {
			isa = XCConfigurationList;
			buildConfigurations = (
				CDAEB02925E87A8000DF4D41 /* Debug */,
				CDAEB02A25E87A8000DF4D41 /* Release */,
			);
			defaultConfigurationIsVisible = 0;
			defaultConfigurationName = Release;
		};
/* End XCConfigurationList section */
	};
	rootObject = CDAEB00C25E87A7B00DF4D41 /* Project object */;
}
